
Microsoft Visual Studio Solution File, Format Version 12.00
# Visual Studio Version 17
VisualStudioVersion = 17.6.33717.318
MinimumVisualStudioVersion = 10.0.40219.1
Project("{FAE04EC0-301F-11D3-BF4B-00C04F79EFBC}") = "WpfApp1", "WpfApp1\WpfApp1.csproj", "{AF0705A3-FB3E-4D07-938D-DE0856793DD4}"
EndProject
Project("{FAE04EC0-301F-11D3-BF4B-00C04F79EFBC}") = "HW", "HW\HW.csproj", "{3A77DAF9-66C6-447E-BF85-DC1012FE3E19}"
EndProject
Global
	GlobalSection(SolutionConfigurationPlatforms) = preSolution
		Debug|Any CPU = Debug|Any CPU
		Release|Any CPU = Release|Any CPU
	EndGlobalSection
	GlobalSection(ProjectConfigurationPlatforms) = postSolution
		{AF0705A3-FB3E-4D07-938D-DE0856793DD4}.Debug|Any CPU.ActiveCfg = Debug|Any CPU
		{AF0705A3-FB3E-4D07-938D-DE0856793DD4}.Debug|Any CPU.Build.0 = Debug|Any CPU
		{AF0705A3-FB3E-4D07-938D-DE0856793DD4}.Release|Any CPU.ActiveCfg = Release|Any CPU
		{AF0705A3-FB3E-4D07-938D-DE0856793DD4}.Release|Any CPU.Build.0 = Release|Any CPU
		{3A77DAF9-66C6-447E-BF85-DC1012FE3E19}.Debug|Any CPU.ActiveCfg = Debug|Any CPU
		{3A77DAF9-66C6-447E-BF85-DC1012FE3E19}.Debug|Any CPU.Build.0 = Debug|Any CPU
		{3A77DAF9-66C6-447E-BF85-DC1012FE3E19}.Release|Any CPU.ActiveCfg = Release|Any CPU
		{3A77DAF9-66C6-447E-BF85-DC1012FE3E19}.Release|Any CPU.Build.0 = Release|Any CPU
	EndGlobalSection
	GlobalSection(SolutionProperties) = preSolution
		HideSolutionNode = FALSE
	EndGlobalSection
	GlobalSection(ExtensibilityGlobals) = postSolution
		SolutionGuid = {F72C4C7C-96CA-4B03-AC53-0600ED5D8A8D}
	EndGlobalSection
EndGlobal
